// !$*UTF8*$!
{
	archiveVersion = 1;
	classes = {
	};
	objectVersion = 77;
	objects = {

/* Begin PBXBuildFile section */
		6F22420F2F23C70C0051ECF7 /* LocumTrackerOCR in Frameworks */ = {isa = PBXBuildFile; productRef = 6F22420E2F23C70C0051ECF7 /* LocumTrackerOCR */; };
		6F22429B2F25804B0051ECF7 /* LocumTrackerShare.appex in Embed Foundation Extensions */ = {isa = PBXBuildFile; fileRef = 6F2242912F25804B0051ECF7 /* LocumTrackerShare.appex */; settings = {ATTRIBUTES = (RemoveHeadersOnCopy, ); }; };
		6F2242A12F258AAA0051ECF7 /* LocumTrackerCore in Frameworks */ = {isa = PBXBuildFile; productRef = 6F2242A22F258AAA0051ECF7 /* LocumTrackerCore */; };
		6F5748C72F1D0CFB00B07EF1 /* LocumTrackerCore in Frameworks */ = {isa = PBXBuildFile; productRef = 6F5748C62F1D0CFB00B07EF1 /* LocumTrackerCore */; };
		6F5748CA2F1D0D1000B07EF1 /* LocumTrackerStorage in Frameworks */ = {isa = PBXBuildFile; productRef = 6F5748C92F1D0D1000B07EF1 /* LocumTrackerStorage */; };
		6F5748CD2F1D0D2D00B07EF1 /* LocumTrackerUI in Frameworks */ = {isa = PBXBuildFile; productRef = 6F5748CC2F1D0D2D00B07EF1 /* LocumTrackerUI */; };
/* End PBXBuildFile section */

/* Begin PBXContainerItemProxy section */
		6F2242992F25804B0051ECF7 /* PBXContainerItemProxy */ = {
			isa = PBXContainerItemProxy;
			containerPortal = 6F57488B2F1D0C3A00B07EF1 /* Project object */;
			proxyType = 1;
			remoteGlobalIDString = 6F2242902F25804B0051ECF7;
			remoteInfo = LocumTrackerShare;
		};
		6F5748A52F1D0C3B00B07EF1 /* PBXContainerItemProxy */ = {
			isa = PBXContainerItemProxy;
			containerPortal = 6F57488B2F1D0C3A00B07EF1 /* Project object */;
			proxyType = 1;
			remoteGlobalIDString = 6F5748922F1D0C3A00B07EF1;
			remoteInfo = LocumTracker;
		};
		6F5748AF2F1D0C3B00B07EF1 /* PBXContainerItemProxy */ = {
			isa = PBXContainerItemProxy;
			containerPortal = 6F57488B2F1D0C3A00B07EF1 /* Project object */;
			proxyType = 1;
			remoteGlobalIDString = 6F5748922F1D0C3A00B07EF1;
			remoteInfo = LocumTracker;
		};
/* End PBXContainerItemProxy section */

/* Begin PBXCopyFilesBuildPhase section */
		6F2242A02F25804B0051ECF7 /* Embed Foundation Extensions */ = {
			isa = PBXCopyFilesBuildPhase;
			buildActionMask = 2147483647;
			dstPath = "";
			dstSubfolderSpec = 13;
			files = (
				6F22429B2F25804B0051ECF7 /* LocumTrackerShare.appex in Embed Foundation Extensions */,
			);
			name = "Embed Foundation Extensions";
			runOnlyForDeploymentPostprocessing = 0;
		};
/* End PBXCopyFilesBuildPhase section */

/* Begin PBXFileReference section */
		6F2242912F25804B0051ECF7 /* LocumTrackerShare.appex */ = {isa = PBXFileReference; explicitFileType = "wrapper.app-extension"; includeInIndex = 0; path = LocumTrackerShare.appex; sourceTree = BUILT_PRODUCTS_DIR; };
		6F5748932F1D0C3A00B07EF1 /* LocumTracker.app */ = {isa = PBXFileReference; explicitFileType = wrapper.application; includeInIndex = 0; path = LocumTracker.app; sourceTree = BUILT_PRODUCTS_DIR; };
		6F5748A42F1D0C3B00B07EF1 /* LocumTrackerTests.xctest */ = {isa = PBXFileReference; explicitFileType = wrapper.cfbundle; includeInIndex = 0; path = LocumTrackerTests.xctest; sourceTree = BUILT_PRODUCTS_DIR; };
		6F5748AE2F1D0C3B00B07EF1 /* LocumTrackerUITests.xctest */ = {isa = PBXFileReference; explicitFileType = wrapper.cfbundle; includeInIndex = 0; path = LocumTrackerUITests.xctest; sourceTree = BUILT_PRODUCTS_DIR; };
/* End PBXFileReference section */

/* Begin PBXFileSystemSynchronizedBuildFileExceptionSet section */
		6F22429F2F25804B0051ECF7 /* Exceptions for "LocumTrackerShare" folder in "LocumTrackerShare" target */ = {
			isa = PBXFileSystemSynchronizedBuildFileExceptionSet;
			membershipExceptions = (
				Info.plist,
			);
			target = 6F2242902F25804B0051ECF7 /* LocumTrackerShare */;
		};
		6F5748B62F1D0C3B00B07EF1 /* Exceptions for "LocumTracker" folder in "LocumTracker" target */ = {
			isa = PBXFileSystemSynchronizedBuildFileExceptionSet;
			membershipExceptions = (
				Info.plist,
			);
			target = 6F5748922F1D0C3A00B07EF1 /* LocumTracker */;
		};
/* End PBXFileSystemSynchronizedBuildFileExceptionSet section */

/* Begin PBXFileSystemSynchronizedRootGroup section */
		6F2242922F25804B0051ECF7 /* LocumTrackerShare */ = {
			isa = PBXFileSystemSynchronizedRootGroup;
			exceptions = (
				6F22429F2F25804B0051ECF7 /* Exceptions for "LocumTrackerShare" folder in "LocumTrackerShare" target */,
			);
			path = LocumTrackerShare;
			sourceTree = "<group>";
		};
		6F5748952F1D0C3A00B07EF1 /* LocumTracker */ = {
			isa = PBXFileSystemSynchronizedRootGroup;
			exceptions = (
				6F5748B62F1D0C3B00B07EF1 /* Exceptions for "LocumTracker" folder in "LocumTracker" target */,
			);
			path = LocumTracker;
			sourceTree = "<group>";
		};
		6F5748A72F1D0C3B00B07EF1 /* LocumTrackerTests */ = {
			isa = PBXFileSystemSynchronizedRootGroup;
			path = LocumTrackerTests;
			sourceTree = "<group>";
		};
		6F5748B12F1D0C3B00B07EF1 /* LocumTrackerUITests */ = {
			isa = PBXFileSystemSynchronizedRootGroup;
			path = LocumTrackerUITests;
			sourceTree = "<group>";
		};
/* End PBXFileSystemSynchronizedRootGroup section */

/* Begin PBXFrameworksBuildPhase section */
		6F22428E2F25804B0051ECF7 /* Frameworks */ = {
			isa = PBXFrameworksBuildPhase;
			buildActionMask = 2147483647;
			files = (
				6F2242A12F258AAA0051ECF7 /* LocumTrackerCore in Frameworks */,
			);
			runOnlyForDeploymentPostprocessing = 0;
		};
		6F5748902F1D0C3A00B07EF1 /* Frameworks */ = {
			isa = PBXFrameworksBuildPhase;
			buildActionMask = 2147483647;
			files = (
				6F5748CD2F1D0D2D00B07EF1 /* LocumTrackerUI in Frameworks */,
				6F5748CA2F1D0D1000B07EF1 /* LocumTrackerStorage in Frameworks */,
				6F5748C72F1D0CFB00B07EF1 /* LocumTrackerCore in Frameworks */,
				6F22420F2F23C70C0051ECF7 /* LocumTrackerOCR in Frameworks */,
			);
			runOnlyForDeploymentPostprocessing = 0;
		};
		6F5748A12F1D0C3B00B07EF1 /* Frameworks */ = {
			isa = PBXFrameworksBuildPhase;
			buildActionMask = 2147483647;
			files = (
			);
			runOnlyForDeploymentPostprocessing = 0;
		};
		6F5748AB2F1D0C3B00B07EF1 /* Frameworks */ = {
			isa = PBXFrameworksBuildPhase;
			buildActionMask = 2147483647;
			files = (
			);
			runOnlyForDeploymentPostprocessing = 0;
		};
/* End PBXFrameworksBuildPhase section */

/* Begin PBXGroup section */
		6F22420D2F23C70C0051ECF7 /* Frameworks */ = {
			isa = PBXGroup;
			children = (
			);
			name = Frameworks;
			sourceTree = "<group>";
		};
		6F57488A2F1D0C3A00B07EF1 = {
			isa = PBXGroup;
			children = (
				6F5748952F1D0C3A00B07EF1 /* LocumTracker */,
				6F5748A72F1D0C3B00B07EF1 /* LocumTrackerTests */,
				6F5748B12F1D0C3B00B07EF1 /* LocumTrackerUITests */,
				6F2242922F25804B0051ECF7 /* LocumTrackerShare */,
				6F22420D2F23C70C0051ECF7 /* Frameworks */,
				6F5748942F1D0C3A00B07EF1 /* Products */,
			);
			sourceTree = "<group>";
		};
		6F5748942F1D0C3A00B07EF1 /* Products */ = {
			isa = PBXGroup;
			children = (
				6F5748932F1D0C3A00B07EF1 /* LocumTracker.app */,
				6F5748A42F1D0C3B00B07EF1 /* LocumTrackerTests.xctest */,
				6F5748AE2F1D0C3B00B07EF1 /* LocumTrackerUITests.xctest */,
				6F2242912F25804B0051ECF7 /* LocumTrackerShare.appex */,
			);
			name = Products;
			sourceTree = "<group>";
		};
/* End PBXGroup section */

/* Begin PBXNativeTarget section */
		6F2242902F25804B0051ECF7 /* LocumTrackerShare */ = {
			isa = PBXNativeTarget;
			buildConfigurationList = 6F22429C2F25804B0051ECF7 /* Build configuration list for PBXNativeTarget "LocumTrackerShare" */;
			buildPhases = (
				6F22428D2F25804B0051ECF7 /* Sources */,
				6F22428E2F25804B0051ECF7 /* Frameworks */,
				6F22428F2F25804B0051ECF7 /* Resources */,
			);
			buildRules = (
			);
			dependencies = (
			);
			fileSystemSynchronizedGroups = (
				6F2242922F25804B0051ECF7 /* LocumTrackerShare */,
			);
			name = LocumTrackerShare;
			packageProductDependencies = (
				6F2242A22F258AAA0051ECF7 /* LocumTrackerCore */,
			);
			productName = LocumTrackerShare;
			productReference = 6F2242912F25804B0051ECF7 /* LocumTrackerShare.appex */;
			productType = "com.apple.product-type.app-extension";
		};
		6F5748922F1D0C3A00B07EF1 /* LocumTracker */ = {
			isa = PBXNativeTarget;
			buildConfigurationList = 6F5748B72F1D0C3B00B07EF1 /* Build configuration list for PBXNativeTarget "LocumTracker" */;
			buildPhases = (
				6F57488F2F1D0C3A00B07EF1 /* Sources */,
				6F5748902F1D0C3A00B07EF1 /* Frameworks */,
				6F5748912F1D0C3A00B07EF1 /* Resources */,
				6F2242A02F25804B0051ECF7 /* Embed Foundation Extensions */,
			);
			buildRules = (
			);
			dependencies = (
				6F22429A2F25804B0051ECF7 /* PBXTargetDependency */,
			);
			fileSystemSynchronizedGroups = (
				6F5748952F1D0C3A00B07EF1 /* LocumTracker */,
			);
			name = LocumTracker;
			packageProductDependencies = (
				6F5748C62F1D0CFB00B07EF1 /* LocumTrackerCore */,
				6F5748C92F1D0D1000B07EF1 /* LocumTrackerStorage */,
				6F5748CC2F1D0D2D00B07EF1 /* LocumTrackerUI */,
				6F22420E2F23C70C0051ECF7 /* LocumTrackerOCR */,
			);
			productName = LocumTracker;
			productReference = 6F5748932F1D0C3A00B07EF1 /* LocumTracker.app */;
			productType = "com.apple.product-type.application";
		};
		6F5748A32F1D0C3B00B07EF1 /* LocumTrackerTests */ = {
			isa = PBXNativeTarget;
			buildConfigurationList = 6F5748BC2F1D0C3B00B07EF1 /* Build configuration list for PBXNativeTarget "LocumTrackerTests" */;
			buildPhases = (
				6F5748A02F1D0C3B00B07EF1 /* Sources */,
				6F5748A12F1D0C3B00B07EF1 /* Frameworks */,
				6F5748A22F1D0C3B00B07EF1 /* Resources */,
			);
			buildRules = (
			);
			dependencies = (
				6F5748A62F1D0C3B00B07EF1 /* PBXTargetDependency */,
			);
			fileSystemSynchronizedGroups = (
				6F5748A72F1D0C3B00B07EF1 /* LocumTrackerTests */,
			);
			name = LocumTrackerTests;
			packageProductDependencies = (
			);
			productName = LocumTrackerTests;
			productReference = 6F5748A42F1D0C3B00B07EF1 /* LocumTrackerTests.xctest */;
			productType = "com.apple.product-type.bundle.unit-test";
		};
		6F5748AD2F1D0C3B00B07EF1 /* LocumTrackerUITests */ = {
			isa = PBXNativeTarget;
			buildConfigurationList = 6F5748BF2F1D0C3B00B07EF1 /* Build configuration list for PBXNativeTarget "LocumTrackerUITests" */;
			buildPhases = (
				6F5748AA2F1D0C3B00B07EF1 /* Sources */,
				6F5748AB2F1D0C3B00B07EF1 /* Frameworks */,
				6F5748AC2F1D0C3B00B07EF1 /* Resources */,
			);
			buildRules = (
			);
			dependencies = (
				6F5748B02F1D0C3B00B07EF1 /* PBXTargetDependency */,
			);
			fileSystemSynchronizedGroups = (
				6F5748B12F1D0C3B00B07EF1 /* LocumTrackerUITests */,
			);
			name = LocumTrackerUITests;
			packageProductDependencies = (
			);
			productName = LocumTrackerUITests;
			productReference = 6F5748AE2F1D0C3B00B07EF1 /* LocumTrackerUITests.xctest */;
			productType = "com.apple.product-type.bundle.ui-testing";
		};
/* End PBXNativeTarget section */

/* Begin PBXProject section */
		6F57488B2F1D0C3A00B07EF1 /* Project object */ = {
			isa = PBXProject;
			attributes = {
				BuildIndependentTargetsInParallel = 1;
				LastSwiftUpdateCheck = 2620;
				LastUpgradeCheck = 2620;
				TargetAttributes = {
					6F2242902F25804B0051ECF7 = {
						CreatedOnToolsVersion = 26.2;
					};
					6F5748922F1D0C3A00B07EF1 = {
						CreatedOnToolsVersion = 26.2;
					};
					6F5748A32F1D0C3B00B07EF1 = {
						CreatedOnToolsVersion = 26.2;
						TestTargetID = 6F5748922F1D0C3A00B07EF1;
					};
					6F5748AD2F1D0C3B00B07EF1 = {
						CreatedOnToolsVersion = 26.2;
						TestTargetID = 6F5748922F1D0C3A00B07EF1;
					};
				};
			};
			buildConfigurationList = 6F57488E2F1D0C3A00B07EF1 /* Build configuration list for PBXProject "LocumTracker" */;
			developmentRegion = en;
			hasScannedForEncodings = 0;
			knownRegions = (
				en,
				Base,
			);
			mainGroup = 6F57488A2F1D0C3A00B07EF1;
			minimizedProjectReferenceProxies = 1;
			packageReferences = (
				6F5748C52F1D0CFB00B07EF1 /* XCLocalSwiftPackageReference "../Packages/LocumTrackerCore" */,
				6F5748C82F1D0D1000B07EF1 /* XCLocalSwiftPackageReference "../Packages/LocumTrackerStorage" */,
				6F5748CB2F1D0D2D00B07EF1 /* XCLocalSwiftPackageReference "../Packages/LocumTrackerUI" */,
				6F22420C2F23C59A0051ECF7 /* XCLocalSwiftPackageReference "../Packages/LocumTrackerOCR" */,
			);
			preferredProjectObjectVersion = 77;
			productRefGroup = 6F5748942F1D0C3A00B07EF1 /* Products */;
			projectDirPath = "";
			projectRoot = "";
			targets = (
				6F5748922F1D0C3A00B07EF1 /* LocumTracker */,
				6F5748A32F1D0C3B00B07EF1 /* LocumTrackerTests */,
				6F5748AD2F1D0C3B00B07EF1 /* LocumTrackerUITests */,
				6F2242902F25804B0051ECF7 /* LocumTrackerShare */,
			);
		};
/* End PBXProject section */

/* Begin PBXResourcesBuildPhase section */
		6F22428F2F25804B0051ECF7 /* Resources */ = {
			isa = PBXResourcesBuildPhase;
			buildActionMask = 2147483647;
			files = (
			);
			runOnlyForDeploymentPostprocessing = 0;
		};
		6F5748912F1D0C3A00B07EF1 /* Resources */ = {
			isa = PBXResourcesBuildPhase;
			buildActionMask = 2147483647;
			files = (
			);
			runOnlyForDeploymentPostprocessing = 0;
		};
		6F5748A22F1D0C3B00B07EF1 /* Resources */ = {
			isa = PBXResourcesBuildPhase;
			buildActionMask = 2147483647;
			files = (
			);
			runOnlyForDeploymentPostprocessing = 0;
		};
		6F5748AC2F1D0C3B00B07EF1 /* Resources */ = {
			isa = PBXResourcesBuildPhase;
			buildActionMask = 2147483647;
			files = (
			);
			runOnlyForDeploymentPostprocessing = 0;
		};
/* End PBXResourcesBuildPhase section */

/* Begin PBXSourcesBuildPhase section */
		6F22428D2F25804B0051ECF7 /* Sources */ = {
			isa = PBXSourcesBuildPhase;
			buildActionMask = 2147483647;
			files = (
			);
			runOnlyForDeploymentPostprocessing = 0;
		};
		6F57488F2F1D0C3A00B07EF1 /* Sources */ = {
			isa = PBXSourcesBuildPhase;
			buildActionMask = 2147483647;
			files = (
			);
			runOnlyForDeploymentPostprocessing = 0;
		};
		6F5748A02F1D0C3B00B07EF1 /* Sources */ = {
			isa = PBXSourcesBuildPhase;
			buildActionMask = 2147483647;
			files = (
			);
			runOnlyForDeploymentPostprocessing = 0;
		};
		6F5748AA2F1D0C3B00B07EF1 /* Sources */ = {
			isa = PBXSourcesBuildPhase;
			buildActionMask = 2147483647;
			files = (
			);
			runOnlyForDeploymentPostprocessing = 0;
		};
/* End PBXSourcesBuildPhase section */

/* Begin PBXTargetDependency section */
		6F22429A2F25804B0051ECF7 /* PBXTargetDependency */ = {
			isa = PBXTargetDependency;
			target = 6F2242902F25804B0051ECF7 /* LocumTrackerShare */;
			targetProxy = 6F2242992F25804B0051ECF7 /* PBXContainerItemProxy */;
		};
		6F5748A62F1D0C3B00B07EF1 /* PBXTargetDependency */ = {
			isa = PBXTargetDependency;
			target = 6F5748922F1D0C3A00B07EF1 /* LocumTracker */;
			targetProxy = 6F5748A52F1D0C3B00B07EF1 /* PBXContainerItemProxy */;
		};
		6F5748B02F1D0C3B00B07EF1 /* PBXTargetDependency */ = {
			isa = PBXTargetDependency;
			target = 6F5748922F1D0C3A00B07EF1 /* LocumTracker */;
			targetProxy = 6F5748AF2F1D0C3B00B07EF1 /* PBXContainerItemProxy */;
		};
/* End PBXTargetDependency section */

/* Begin XCBuildConfiguration section */
		6F22429D2F25804B0051ECF7 /* Debug */ = {
			isa = XCBuildConfiguration;
			buildSettings = {
				CODE_SIGN_ENTITLEMENTS = LocumTrackerShare/LocumTrackerShare.entitlements;
				CODE_SIGN_STYLE = Automatic;
				CURRENT_PROJECT_VERSION = 1;
				DEVELOPMENT_TEAM = X5DWXB4283;
				GENERATE_INFOPLIST_FILE = YES;
				INFOPLIST_FILE = LocumTrackerShare/Info.plist;
				INFOPLIST_KEY_CFBundleDisplayName = LocumTracker;
				INFOPLIST_KEY_NSHumanReadableCopyright = "";
				IPHONEOS_DEPLOYMENT_TARGET = 17.6;
				LD_RUNPATH_SEARCH_PATHS = (
					"$(inherited)",
					"@executable_path/Frameworks",
					"@executable_path/../../Frameworks",
				);
				MARKETING_VERSION = 1.0;
				PRODUCT_BUNDLE_IDENTIFIER = com.hherb.LocumTracker.LocumTrackerShare;
				PRODUCT_NAME = "$(TARGET_NAME)";
				SDKROOT = iphoneos;
				SKIP_INSTALL = YES;
				STRING_CATALOG_GENERATE_SYMBOLS = YES;
				SWIFT_APPROACHABLE_CONCURRENCY = YES;
				SWIFT_EMIT_LOC_STRINGS = YES;
				SWIFT_UPCOMING_FEATURE_MEMBER_IMPORT_VISIBILITY = YES;
				SWIFT_VERSION = 5.0;
				TARGETED_DEVICE_FAMILY = "1,2";
			};
			name = Debug;
		};
		6F22429E2F25804B0051ECF7 /* Release */ = {
			isa = XCBuildConfiguration;
			buildSettings = {
				CODE_SIGN_ENTITLEMENTS = LocumTrackerShare/LocumTrackerShare.entitlements;
				CODE_SIGN_STYLE = Automatic;
				CURRENT_PROJECT_VERSION = 1;
				DEVELOPMENT_TEAM = X5DWXB4283;
				GENERATE_INFOPLIST_FILE = YES;
				INFOPLIST_FILE = LocumTrackerShare/Info.plist;
				INFOPLIST_KEY_CFBundleDisplayName = LocumTracker;
				INFOPLIST_KEY_NSHumanReadableCopyright = "";
				IPHONEOS_DEPLOYMENT_TARGET = 17.6;
				LD_RUNPATH_SEARCH_PATHS = (
					"$(inherited)",
					"@executable_path/Frameworks",
					"@executable_path/../../Frameworks",
				);
				MARKETING_VERSION = 1.0;
				PRODUCT_BUNDLE_IDENTIFIER = com.hherb.LocumTracker.LocumTrackerShare;
				PRODUCT_NAME = "$(TARGET_NAME)";
				SDKROOT = iphoneos;
				SKIP_INSTALL = YES;
				STRING_CATALOG_GENERATE_SYMBOLS = YES;
				SWIFT_APPROACHABLE_CONCURRENCY = YES;
				SWIFT_EMIT_LOC_STRINGS = YES;
				SWIFT_UPCOMING_FEATURE_MEMBER_IMPORT_VISIBILITY = YES;
				SWIFT_VERSION = 5.0;
				TARGETED_DEVICE_FAMILY = "1,2";
				VALIDATE_PRODUCT = YES;
			};
			name = Release;
		};
		6F5748B82F1D0C3B00B07EF1 /* Debug */ = {
			isa = XCBuildConfiguration;
			buildSettings = {
				ASSETCATALOG_COMPILER_APPICON_NAME = AppIcon;
				ASSETCATALOG_COMPILER_GLOBAL_ACCENT_COLOR_NAME = AccentColor;
				CODE_SIGN_ENTITLEMENTS = LocumTracker/LocumTracker.entitlements;
				"CODE_SIGN_IDENTITY[sdk=macosx*]" = "Apple Development";
				CODE_SIGN_STYLE = Automatic;
				CURRENT_PROJECT_VERSION = 1;
				DEVELOPMENT_TEAM = X5DWXB4283;
				ENABLE_APP_SANDBOX = YES;
				ENABLE_FILE_ACCESS_DOWNLOADS_FOLDER = readwrite;
				ENABLE_FILE_ACCESS_PICTURE_FOLDER = readwrite;
				ENABLE_HARDENED_RUNTIME = YES;
				ENABLE_INCOMING_NETWORK_CONNECTIONS = NO;
				ENABLE_OUTGOING_NETWORK_CONNECTIONS = NO;
				ENABLE_PREVIEWS = YES;
				ENABLE_RESOURCE_ACCESS_AUDIO_INPUT = NO;
				ENABLE_RESOURCE_ACCESS_BLUETOOTH = NO;
				ENABLE_RESOURCE_ACCESS_CALENDARS = YES;
				ENABLE_RESOURCE_ACCESS_CAMERA = YES;
				ENABLE_RESOURCE_ACCESS_CONTACTS = YES;
				ENABLE_RESOURCE_ACCESS_LOCATION = YES;
				ENABLE_RESOURCE_ACCESS_PRINTING = YES;
				ENABLE_RESOURCE_ACCESS_USB = NO;
				ENABLE_USER_SELECTED_FILES = readwrite;
				GENERATE_INFOPLIST_FILE = YES;
				INFOPLIST_FILE = LocumTracker/Info.plist;
				INFOPLIST_KEY_LSApplicationCategoryType = "public.app-category.business";
				"INFOPLIST_KEY_UIApplicationSceneManifest_Generation[sdk=iphoneos*]" = YES;
				"INFOPLIST_KEY_UIApplicationSceneManifest_Generation[sdk=iphonesimulator*]" = YES;
				"INFOPLIST_KEY_UIApplicationSupportsIndirectInputEvents[sdk=iphoneos*]" = YES;
				"INFOPLIST_KEY_UIApplicationSupportsIndirectInputEvents[sdk=iphonesimulator*]" = YES;
				"INFOPLIST_KEY_UILaunchScreen_Generation[sdk=iphoneos*]" = YES;
				"INFOPLIST_KEY_UILaunchScreen_Generation[sdk=iphonesimulator*]" = YES;
				"INFOPLIST_KEY_UIStatusBarStyle[sdk=iphoneos*]" = UIStatusBarStyleDefault;
				"INFOPLIST_KEY_UIStatusBarStyle[sdk=iphonesimulator*]" = UIStatusBarStyleDefault;
				INFOPLIST_KEY_UISupportedInterfaceOrientations_iPad = "UIInterfaceOrientationPortrait UIInterfaceOrientationPortraitUpsideDown UIInterfaceOrientationLandscapeLeft UIInterfaceOrientationLandscapeRight";
				INFOPLIST_KEY_UISupportedInterfaceOrientations_iPhone = "UIInterfaceOrientationPortrait UIInterfaceOrientationLandscapeLeft UIInterfaceOrientationLandscapeRight";
				IPHONEOS_DEPLOYMENT_TARGET = 17.6;
				LD_RUNPATH_SEARCH_PATHS = "@executable_path/Frameworks";
				"LD_RUNPATH_SEARCH_PATHS[sdk=macosx*]" = "@executable_path/../Frameworks";
				MACOSX_DEPLOYMENT_TARGET = 14.6;
				MARKETING_VERSION = 1.0;
				PRODUCT_BUNDLE_IDENTIFIER = com.hherb.LocumTracker;
				PRODUCT_NAME = "$(TARGET_NAME)";
				REGISTER_APP_GROUPS = YES;
				SDKROOT = auto;
				STRING_CATALOG_GENERATE_SYMBOLS = YES;
				SUPPORTED_PLATFORMS = "iphoneos iphonesimulator macosx xros xrsimulator";
				SWIFT_APPROACHABLE_CONCURRENCY = YES;
				SWIFT_DEFAULT_ACTOR_ISOLATION = MainActor;
				SWIFT_EMIT_LOC_STRINGS = YES;
				SWIFT_UPCOMING_FEATURE_MEMBER_IMPORT_VISIBILITY = YES;
				SWIFT_VERSION = 5.0;
				TARGETED_DEVICE_FAMILY = "1,2,7";
				XROS_DEPLOYMENT_TARGET = 26.2;
			};
			name = Debug;
		};
		6F5748B92F1D0C3B00B07EF1 /* Release */ = {
			isa = XCBuildConfiguration;
			buildSettings = {
				ASSETCATALOG_COMPILER_APPICON_NAME = AppIcon;
				ASSETCATALOG_COMPILER_GLOBAL_ACCENT_COLOR_NAME = AccentColor;
				CODE_SIGN_ENTITLEMENTS = LocumTracker/LocumTracker.entitlements;
				CODE_SIGN_STYLE = Automatic;
				CURRENT_PROJECT_VERSION = 1;
				DEVELOPMENT_TEAM = X5DWXB4283;
				ENABLE_APP_SANDBOX = YES;
				ENABLE_FILE_ACCESS_DOWNLOADS_FOLDER = readwrite;
				ENABLE_FILE_ACCESS_PICTURE_FOLDER = readwrite;
				ENABLE_HARDENED_RUNTIME = YES;
				ENABLE_INCOMING_NETWORK_CONNECTIONS = NO;
				ENABLE_OUTGOING_NETWORK_CONNECTIONS = NO;
				ENABLE_PREVIEWS = YES;
				ENABLE_RESOURCE_ACCESS_AUDIO_INPUT = NO;
				ENABLE_RESOURCE_ACCESS_BLUETOOTH = NO;
				ENABLE_RESOURCE_ACCESS_CALENDARS = YES;
				ENABLE_RESOURCE_ACCESS_CAMERA = YES;
				ENABLE_RESOURCE_ACCESS_CONTACTS = YES;
				ENABLE_RESOURCE_ACCESS_LOCATION = YES;
				ENABLE_RESOURCE_ACCESS_PRINTING = YES;
				ENABLE_RESOURCE_ACCESS_USB = NO;
				ENABLE_USER_SELECTED_FILES = readwrite;
				GENERATE_INFOPLIST_FILE = YES;
				INFOPLIST_FILE = LocumTracker/Info.plist;
				INFOPLIST_KEY_LSApplicationCategoryType = "public.app-category.business";
				"INFOPLIST_KEY_UIApplicationSceneManifest_Generation[sdk=iphoneos*]" = YES;
				"INFOPLIST_KEY_UIApplicationSceneManifest_Generation[sdk=iphonesimulator*]" = YES;
				"INFOPLIST_KEY_UIApplicationSupportsIndirectInputEvents[sdk=iphoneos*]" = YES;
				"INFOPLIST_KEY_UIApplicationSupportsIndirectInputEvents[sdk=iphonesimulator*]" = YES;
				"INFOPLIST_KEY_UILaunchScreen_Generation[sdk=iphoneos*]" = YES;
				"INFOPLIST_KEY_UILaunchScreen_Generation[sdk=iphonesimulator*]" = YES;
				"INFOPLIST_KEY_UIStatusBarStyle[sdk=iphoneos*]" = UIStatusBarStyleDefault;
				"INFOPLIST_KEY_UIStatusBarStyle[sdk=iphonesimulator*]" = UIStatusBarStyleDefault;
				INFOPLIST_KEY_UISupportedInterfaceOrientations_iPad = "UIInterfaceOrientationPortrait UIInterfaceOrientationPortraitUpsideDown UIInterfaceOrientationLandscapeLeft UIInterfaceOrientationLandscapeRight";
				INFOPLIST_KEY_UISupportedInterfaceOrientations_iPhone = "UIInterfaceOrientationPortrait UIInterfaceOrientationLandscapeLeft UIInterfaceOrientationLandscapeRight";
				IPHONEOS_DEPLOYMENT_TARGET = 17.6;
				LD_RUNPATH_SEARCH_PATHS = "@executable_path/Frameworks";
				"LD_RUNPATH_SEARCH_PATHS[sdk=macosx*]" = "@executable_path/../Frameworks";
				MACOSX_DEPLOYMENT_TARGET = 14.6;
				MARKETING_VERSION = 1.0;
				PRODUCT_BUNDLE_IDENTIFIER = com.hherb.LocumTracker;
				PRODUCT_NAME = "$(TARGET_NAME)";
				REGISTER_APP_GROUPS = YES;
				SDKROOT = auto;
				STRING_CATALOG_GENERATE_SYMBOLS = YES;
				SUPPORTED_PLATFORMS = "iphoneos iphonesimulator macosx xros xrsimulator";
				SWIFT_APPROACHABLE_CONCURRENCY = YES;
				SWIFT_DEFAULT_ACTOR_ISOLATION = MainActor;
				SWIFT_EMIT_LOC_STRINGS = YES;
				SWIFT_UPCOMING_FEATURE_MEMBER_IMPORT_VISIBILITY = YES;
				SWIFT_VERSION = 5.0;
				TARGETED_DEVICE_FAMILY = "1,2,7";
				XROS_DEPLOYMENT_TARGET = 26.2;
			};
			name = Release;
		};
		6F5748BA2F1D0C3B00B07EF1 /* Debug */ = {
			isa = XCBuildConfiguration;
			buildSettings = {
				ALWAYS_SEARCH_USER_PATHS = NO;
				ASSETCATALOG_COMPILER_GENERATE_SWIFT_ASSET_SYMBOL_EXTENSIONS = YES;
				CLANG_ANALYZER_NONNULL = YES;
				CLANG_ANALYZER_NUMBER_OBJECT_CONVERSION = YES_AGGRESSIVE;
				CLANG_CXX_LANGUAGE_STANDARD = "gnu++20";
				CLANG_ENABLE_MODULES = YES;
				CLANG_ENABLE_OBJC_ARC = YES;
				CLANG_ENABLE_OBJC_WEAK = YES;
				CLANG_WARN_BLOCK_CAPTURE_AUTORELEASING = YES;
				CLANG_WARN_BOOL_CONVERSION = YES;
				CLANG_WARN_COMMA = YES;
				CLANG_WARN_CONSTANT_CONVERSION = YES;
				CLANG_WARN_DEPRECATED_OBJC_IMPLEMENTATIONS = YES;
				CLANG_WARN_DIRECT_OBJC_ISA_USAGE = YES_ERROR;
				CLANG_WARN_DOCUMENTATION_COMMENTS = YES;
				CLANG_WARN_EMPTY_BODY = YES;
				CLANG_WARN_ENUM_CONVERSION = YES;
				CLANG_WARN_INFINITE_RECURSION = YES;
				CLANG_WARN_INT_CONVERSION = YES;
				CLANG_WARN_NON_LITERAL_NULL_CONVERSION = YES;
				CLANG_WARN_OBJC_IMPLICIT_RETAIN_SELF = YES;
				CLANG_WARN_OBJC_LITERAL_CONVERSION = YES;
				CLANG_WARN_OBJC_ROOT_CLASS = YES_ERROR;
				CLANG_WARN_QUOTED_INCLUDE_IN_FRAMEWORK_HEADER = YES;
				CLANG_WARN_RANGE_LOOP_ANALYSIS = YES;
				CLANG_WARN_STRICT_PROTOTYPES = YES;
				CLANG_WARN_SUSPICIOUS_MOVE = YES;
				CLANG_WARN_UNGUARDED_AVAILABILITY = YES_AGGRESSIVE;
				CLANG_WARN_UNREACHABLE_CODE = YES;
				CLANG_WARN__DUPLICATE_METHOD_MATCH = YES;
				COPY_PHASE_STRIP = NO;
				DEBUG_INFORMATION_FORMAT = dwarf;
				DEVELOPMENT_TEAM = X5DWXB4283;
				ENABLE_STRICT_OBJC_MSGSEND = YES;
				ENABLE_TESTABILITY = YES;
				ENABLE_USER_SCRIPT_SANDBOXING = YES;
				GCC_C_LANGUAGE_STANDARD = gnu17;
				GCC_DYNAMIC_NO_PIC = NO;
				GCC_NO_COMMON_BLOCKS = YES;
				GCC_OPTIMIZATION_LEVEL = 0;
				GCC_PREPROCESSOR_DEFINITIONS = (
					"DEBUG=1",
					"$(inherited)",
				);
				GCC_WARN_64_TO_32_BIT_CONVERSION = YES;
				GCC_WARN_ABOUT_RETURN_TYPE = YES_ERROR;
				GCC_WARN_UNDECLARED_SELECTOR = YES;
				GCC_WARN_UNINITIALIZED_AUTOS = YES_AGGRESSIVE;
				GCC_WARN_UNUSED_FUNCTION = YES;
				GCC_WARN_UNUSED_VARIABLE = YES;
				LOCALIZATION_PREFERS_STRING_CATALOGS = YES;
				MTL_ENABLE_DEBUG_INFO = INCLUDE_SOURCE;
				MTL_FAST_MATH = YES;
				ONLY_ACTIVE_ARCH = YES;
				SWIFT_ACTIVE_COMPILATION_CONDITIONS = "DEBUG $(inherited)";
				SWIFT_OPTIMIZATION_LEVEL = "-Onone";
			};
			name = Debug;
		};
		6F5748BB2F1D0C3B00B07EF1 /* Release */ = {
			isa = XCBuildConfiguration;
			buildSettings = {
				ALWAYS_SEARCH_USER_PATHS = NO;
				ASSETCATALOG_COMPILER_GENERATE_SWIFT_ASSET_SYMBOL_EXTENSIONS = YES;
				CLANG_ANALYZER_NONNULL = YES;
				CLANG_ANALYZER_NUMBER_OBJECT_CONVERSION = YES_AGGRESSIVE;
				CLANG_CXX_LANGUAGE_STANDARD = "gnu++20";
				CLANG_ENABLE_MODULES = YES;
				CLANG_ENABLE_OBJC_ARC = YES;
				CLANG_ENABLE_OBJC_WEAK = YES;
				CLANG_WARN_BLOCK_CAPTURE_AUTORELEASING = YES;
				CLANG_WARN_BOOL_CONVERSION = YES;
				CLANG_WARN_COMMA = YES;
				CLANG_WARN_CONSTANT_CONVERSION = YES;
				CLANG_WARN_DEPRECATED_OBJC_IMPLEMENTATIONS = YES;
				CLANG_WARN_DIRECT_OBJC_ISA_USAGE = YES_ERROR;
				CLANG_WARN_DOCUMENTATION_COMMENTS = YES;
				CLANG_WARN_EMPTY_BODY = YES;
				CLANG_WARN_ENUM_CONVERSION = YES;
				CLANG_WARN_INFINITE_RECURSION = YES;
				CLANG_WARN_INT_CONVERSION = YES;
				CLANG_WARN_NON_LITERAL_NULL_CONVERSION = YES;
				CLANG_WARN_OBJC_IMPLICIT_RETAIN_SELF = YES;
				CLANG_WARN_OBJC_LITERAL_CONVERSION = YES;
				CLANG_WARN_OBJC_ROOT_CLASS = YES_ERROR;
				CLANG_WARN_QUOTED_INCLUDE_IN_FRAMEWORK_HEADER = YES;
				CLANG_WARN_RANGE_LOOP_ANALYSIS = YES;
				CLANG_WARN_STRICT_PROTOTYPES = YES;
				CLANG_WARN_SUSPICIOUS_MOVE = YES;
				CLANG_WARN_UNGUARDED_AVAILABILITY = YES_AGGRESSIVE;
				CLANG_WARN_UNREACHABLE_CODE = YES;
				CLANG_WARN__DUPLICATE_METHOD_MATCH = YES;
				COPY_PHASE_STRIP = NO;
				DEBUG_INFORMATION_FORMAT = "dwarf-with-dsym";
				DEVELOPMENT_TEAM = X5DWXB4283;
				ENABLE_NS_ASSERTIONS = NO;
				ENABLE_STRICT_OBJC_MSGSEND = YES;
				ENABLE_USER_SCRIPT_SANDBOXING = YES;
				GCC_C_LANGUAGE_STANDARD = gnu17;
				GCC_NO_COMMON_BLOCKS = YES;
				GCC_WARN_64_TO_32_BIT_CONVERSION = YES;
				GCC_WARN_ABOUT_RETURN_TYPE = YES_ERROR;
				GCC_WARN_UNDECLARED_SELECTOR = YES;
				GCC_WARN_UNINITIALIZED_AUTOS = YES_AGGRESSIVE;
				GCC_WARN_UNUSED_FUNCTION = YES;
				GCC_WARN_UNUSED_VARIABLE = YES;
				LOCALIZATION_PREFERS_STRING_CATALOGS = YES;
				MTL_ENABLE_DEBUG_INFO = NO;
				MTL_FAST_MATH = YES;
				SWIFT_COMPILATION_MODE = wholemodule;
			};
			name = Release;
		};
		6F5748BD2F1D0C3B00B07EF1 /* Debug */ = {
			isa = XCBuildConfiguration;
			buildSettings = {
				BUNDLE_LOADER = "$(TEST_HOST)";
				CODE_SIGN_STYLE = Automatic;
				CURRENT_PROJECT_VERSION = 1;
				DEVELOPMENT_TEAM = X5DWXB4283;
				GENERATE_INFOPLIST_FILE = YES;
				IPHONEOS_DEPLOYMENT_TARGET = 26.2;
				MACOSX_DEPLOYMENT_TARGET = 26.2;
				MARKETING_VERSION = 1.0;
				PRODUCT_BUNDLE_IDENTIFIER = com.hherb.LocumTrackerTests;
				PRODUCT_NAME = "$(TARGET_NAME)";
				SDKROOT = auto;
				STRING_CATALOG_GENERATE_SYMBOLS = NO;
				SUPPORTED_PLATFORMS = "iphoneos iphonesimulator macosx xros xrsimulator";
				SWIFT_APPROACHABLE_CONCURRENCY = YES;
				SWIFT_EMIT_LOC_STRINGS = NO;
				SWIFT_UPCOMING_FEATURE_MEMBER_IMPORT_VISIBILITY = YES;
				SWIFT_VERSION = 5.0;
				TARGETED_DEVICE_FAMILY = "1,2,7";
				TEST_HOST = "$(BUILT_PRODUCTS_DIR)/LocumTracker.app/$(BUNDLE_EXECUTABLE_FOLDER_PATH)/LocumTracker";
				XROS_DEPLOYMENT_TARGET = 26.2;
			};
			name = Debug;
		};
		6F5748BE2F1D0C3B00B07EF1 /* Release */ = {
			isa = XCBuildConfiguration;
			buildSettings = {
				BUNDLE_LOADER = "$(TEST_HOST)";
				CODE_SIGN_STYLE = Automatic;
				CURRENT_PROJECT_VERSION = 1;
				DEVELOPMENT_TEAM = X5DWXB4283;
				GENERATE_INFOPLIST_FILE = YES;
				IPHONEOS_DEPLOYMENT_TARGET = 26.2;
				MACOSX_DEPLOYMENT_TARGET = 26.2;
				MARKETING_VERSION = 1.0;
				PRODUCT_BUNDLE_IDENTIFIER = com.hherb.LocumTrackerTests;
				PRODUCT_NAME = "$(TARGET_NAME)";
				SDKROOT = auto;
				STRING_CATALOG_GENERATE_SYMBOLS = NO;
				SUPPORTED_PLATFORMS = "iphoneos iphonesimulator macosx xros xrsimulator";
				SWIFT_APPROACHABLE_CONCURRENCY = YES;
				SWIFT_EMIT_LOC_STRINGS = NO;
				SWIFT_UPCOMING_FEATURE_MEMBER_IMPORT_VISIBILITY = YES;
				SWIFT_VERSION = 5.0;
				TARGETED_DEVICE_FAMILY = "1,2,7";
				TEST_HOST = "$(BUILT_PRODUCTS_DIR)/LocumTracker.app/$(BUNDLE_EXECUTABLE_FOLDER_PATH)/LocumTracker";
				XROS_DEPLOYMENT_TARGET = 26.2;
			};
			name = Release;
		};
		6F5748C02F1D0C3B00B07EF1 /* Debug */ = {
			isa = XCBuildConfiguration;
			buildSettings = {
				CODE_SIGN_STYLE = Automatic;
				CURRENT_PROJECT_VERSION = 1;
				DEVELOPMENT_TEAM = X5DWXB4283;
				GENERATE_INFOPLIST_FILE = YES;
				IPHONEOS_DEPLOYMENT_TARGET = 26.2;
				MACOSX_DEPLOYMENT_TARGET = 26.2;
				MARKETING_VERSION = 1.0;
				PRODUCT_BUNDLE_IDENTIFIER = com.hherb.LocumTrackerUITests;
				PRODUCT_NAME = "$(TARGET_NAME)";
				SDKROOT = auto;
				STRING_CATALOG_GENERATE_SYMBOLS = NO;
				SUPPORTED_PLATFORMS = "iphoneos iphonesimulator macosx xros xrsimulator";
				SWIFT_APPROACHABLE_CONCURRENCY = YES;
				SWIFT_EMIT_LOC_STRINGS = NO;
				SWIFT_UPCOMING_FEATURE_MEMBER_IMPORT_VISIBILITY = YES;
				SWIFT_VERSION = 5.0;
				TARGETED_DEVICE_FAMILY = "1,2,7";
				TEST_TARGET_NAME = LocumTracker;
				XROS_DEPLOYMENT_TARGET = 26.2;
			};
			name = Debug;
		};
		6F5748C12F1D0C3B00B07EF1 /* Release */ = {
			isa = XCBuildConfiguration;
			buildSettings = {
				CODE_SIGN_STYLE = Automatic;
				CURRENT_PROJECT_VERSION = 1;
				DEVELOPMENT_TEAM = X5DWXB4283;
				GENERATE_INFOPLIST_FILE = YES;
				IPHONEOS_DEPLOYMENT_TARGET = 26.2;
				MACOSX_DEPLOYMENT_TARGET = 26.2;
				MARKETING_VERSION = 1.0;
				PRODUCT_BUNDLE_IDENTIFIER = com.hherb.LocumTrackerUITests;
				PRODUCT_NAME = "$(TARGET_NAME)";
				SDKROOT = auto;
				STRING_CATALOG_GENERATE_SYMBOLS = NO;
				SUPPORTED_PLATFORMS = "iphoneos iphonesimulator macosx xros xrsimulator";
				SWIFT_APPROACHABLE_CONCURRENCY = YES;
				SWIFT_EMIT_LOC_STRINGS = NO;
				SWIFT_UPCOMING_FEATURE_MEMBER_IMPORT_VISIBILITY = YES;
				SWIFT_VERSION = 5.0;
				TARGETED_DEVICE_FAMILY = "1,2,7";
				TEST_TARGET_NAME = LocumTracker;
				XROS_DEPLOYMENT_TARGET = 26.2;
			};
			name = Release;
		};
/* End XCBuildConfiguration section */

/* Begin XCConfigurationList section */
		6F22429C2F25804B0051ECF7 /* Build configuration list for PBXNativeTarget "LocumTrackerShare" */ = {
			isa = XCConfigurationList;
			buildConfigurations = (
				6F22429D2F25804B0051ECF7 /* Debug */,
				6F22429E2F25804B0051ECF7 /* Release */,
			);
			defaultConfigurationIsVisible = 0;
			defaultConfigurationName = Release;
		};
		6F57488E2F1D0C3A00B07EF1 /* Build configuration list for PBXProject "LocumTracker" */ = {
			isa = XCConfigurationList;
			buildConfigurations = (
				6F5748BA2F1D0C3B00B07EF1 /* Debug */,
				6F5748BB2F1D0C3B00B07EF1 /* Release */,
			);
			defaultConfigurationIsVisible = 0;
			defaultConfigurationName = Release;
		};
		6F5748B72F1D0C3B00B07EF1 /* Build configuration list for PBXNativeTarget "LocumTracker" */ = {
			isa = XCConfigurationList;
			buildConfigurations = (
				6F5748B82F1D0C3B00B07EF1 /* Debug */,
				6F5748B92F1D0C3B00B07EF1 /* Release */,
			);
			defaultConfigurationIsVisible = 0;
			defaultConfigurationName = Release;
		};
		6F5748BC2F1D0C3B00B07EF1 /* Build configuration list for PBXNativeTarget "LocumTrackerTests" */ = {
			isa = XCConfigurationList;
			buildConfigurations = (
				6F5748BD2F1D0C3B00B07EF1 /* Debug */,
				6F5748BE2F1D0C3B00B07EF1 /* Release */,
			);
			defaultConfigurationIsVisible = 0;
			defaultConfigurationName = Release;
		};
		6F5748BF2F1D0C3B00B07EF1 /* Build configuration list for PBXNativeTarget "LocumTrackerUITests" */ = {
			isa = XCConfigurationList;
			buildConfigurations = (
				6F5748C02F1D0C3B00B07EF1 /* Debug */,
				6F5748C12F1D0C3B00B07EF1 /* Release */,
			);
			defaultConfigurationIsVisible = 0;
			defaultConfigurationName = Release;
		};
/* End XCConfigurationList section */

/* Begin XCLocalSwiftPackageReference section */
		6F22420C2F23C59A0051ECF7 /* XCLocalSwiftPackageReference "../Packages/LocumTrackerOCR" */ = {
			isa = XCLocalSwiftPackageReference;
			relativePath = ../Packages/LocumTrackerOCR;
		};
		6F5748C52F1D0CFB00B07EF1 /* XCLocalSwiftPackageReference "../Packages/LocumTrackerCore" */ = {
			isa = XCLocalSwiftPackageReference;
			relativePath = ../Packages/LocumTrackerCore;
		};
		6F5748C82F1D0D1000B07EF1 /* XCLocalSwiftPackageReference "../Packages/LocumTrackerStorage" */ = {
			isa = XCLocalSwiftPackageReference;
			relativePath = ../Packages/LocumTrackerStorage;
		};
		6F5748CB2F1D0D2D00B07EF1 /* XCLocalSwiftPackageReference "../Packages/LocumTrackerUI" */ = {
			isa = XCLocalSwiftPackageReference;
			relativePath = ../Packages/LocumTrackerUI;
		};
/* End XCLocalSwiftPackageReference section */

/* Begin XCSwiftPackageProductDependency section */
		6F22420E2F23C70C0051ECF7 /* LocumTrackerOCR */ = {
			isa = XCSwiftPackageProductDependency;
			package = 6F22420C2F23C59A0051ECF7 /* XCLocalSwiftPackageReference "../Packages/LocumTrackerOCR" */;
			productName = LocumTrackerOCR;
		};
		6F2242A22F258AAA0051ECF7 /* LocumTrackerCore */ = {
			isa = XCSwiftPackageProductDependency;
			package = 6F5748C52F1D0CFB00B07EF1 /* XCLocalSwiftPackageReference "../Packages/LocumTrackerCore" */;
			productName = LocumTrackerCore;
		};
		6F5748C62F1D0CFB00B07EF1 /* LocumTrackerCore */ = {
			isa = XCSwiftPackageProductDependency;
			productName = LocumTrackerCore;
		};
		6F5748C92F1D0D1000B07EF1 /* LocumTrackerStorage */ = {
			isa = XCSwiftPackageProductDependency;
			productName = LocumTrackerStorage;
		};
		6F5748CC2F1D0D2D00B07EF1 /* LocumTrackerUI */ = {
			isa = XCSwiftPackageProductDependency;
			productName = LocumTrackerUI;
		};
/* End XCSwiftPackageProductDependency section */
	};
	rootObject = 6F57488B2F1D0C3A00B07EF1 /* Project object */;
}
